
Microsoft Visual Studio Solution File, Format Version 12.00
# Visual Studio Version 16
VisualStudioVersion = 16.0.808.6
MinimumVisualStudioVersion = 10.0.40219.1
Project("{FAE04EC0-301F-11D3-BF4B-00C04F79EFBC}") = "Msolve.One.MPI", "Msolve.One.MPI\Msolve.One.MPI.csproj", "{C08B53DF-BE6C-449E-9214-262FBCF61E3C}"
EndProject
Global
	GlobalSection(SolutionConfigurationPlatforms) = preSolution
		Debug|Any CPU = Debug|Any CPU
		Release|Any CPU = Release|Any CPU
	EndGlobalSection
	GlobalSection(ProjectConfigurationPlatforms) = postSolution
		{C08B53DF-BE6C-449E-9214-262FBCF61E3C}.Debug|Any CPU.ActiveCfg = Debug|Any CPU
		{C08B53DF-BE6C-449E-9214-262FBCF61E3C}.Debug|Any CPU.Build.0 = Debug|Any CPU
		{C08B53DF-BE6C-449E-9214-262FBCF61E3C}.Release|Any CPU.ActiveCfg = Release|Any CPU
		{C08B53DF-BE6C-449E-9214-262FBCF61E3C}.Release|Any CPU.Build.0 = Release|Any CPU
	EndGlobalSection
	GlobalSection(SolutionProperties) = preSolution
		HideSolutionNode = FALSE
	EndGlobalSection
	GlobalSection(ExtensibilityGlobals) = postSolution
		SolutionGuid = {39EA5366-7B61-43DF-8086-592B105B0756}
	EndGlobalSection
EndGlobal
